
Microsoft Visual Studio Solution File, Format Version 12.00
# Visual Studio 2013
VisualStudioVersion = 12.0.31101.0
MinimumVisualStudioVersion = 10.0.40219.1
Project("{FAE04EC0-301F-11D3-BF4B-00C04F79EFBC}") = "Example01", "Example01\Example01.csproj", "{BCF5D776-F6FC-43DB-B2D9-B75879606902}"
EndProject
Project("{FAE04EC0-301F-11D3-BF4B-00C04F79EFBC}") = "Example02", "Example02\Example02.csproj", "{0305230E-FC23-4462-A0FE-55E94725B4A8}"
EndProject
Project("{FAE04EC0-301F-11D3-BF4B-00C04F79EFBC}") = "Example03", "Example03\Example03.csproj", "{73CC753A-F49F-42C7-9E84-40597050A4BF}"
EndProject
Project("{FAE04EC0-301F-11D3-BF4B-00C04F79EFBC}") = "Example04", "Example04\Example04.csproj", "{EEE1868C-3305-4D33-B049-7A8047CB56FA}"
EndProject
Project("{FAE04EC0-301F-11D3-BF4B-00C04F79EFBC}") = "Example05", "Example05\Example05.csproj", "{A34839E3-7B60-4854-83A3-381F0FFED9A6}"
EndProject
Project("{FAE04EC0-301F-11D3-BF4B-00C04F79EFBC}") = "Example06", "Example06\Example06.csproj", "{6FF228DC-6463-431F-95E1-C4F1DAE64A65}"
EndProject
Project("{FAE04EC0-301F-11D3-BF4B-00C04F79EFBC}") = "Example07", "Example07\Example07.csproj", "{DD316B26-56E6-465E-85B6-758FD7BC3385}"
EndProject
Global
	GlobalSection(SolutionConfigurationPlatforms) = preSolution
		Debug|Any CPU = Debug|Any CPU
		Release|Any CPU = Release|Any CPU
	EndGlobalSection
	GlobalSection(ProjectConfigurationPlatforms) = postSolution
		{BCF5D776-F6FC-43DB-B2D9-B75879606902}.Debug|Any CPU.ActiveCfg = Debug|Any CPU
		{BCF5D776-F6FC-43DB-B2D9-B75879606902}.Debug|Any CPU.Build.0 = Debug|Any CPU
		{BCF5D776-F6FC-43DB-B2D9-B75879606902}.Release|Any CPU.ActiveCfg = Release|Any CPU
		{BCF5D776-F6FC-43DB-B2D9-B75879606902}.Release|Any CPU.Build.0 = Release|Any CPU
		{0305230E-FC23-4462-A0FE-55E94725B4A8}.Debug|Any CPU.ActiveCfg = Debug|Any CPU
		{0305230E-FC23-4462-A0FE-55E94725B4A8}.Debug|Any CPU.Build.0 = Debug|Any CPU
		{0305230E-FC23-4462-A0FE-55E94725B4A8}.Release|Any CPU.ActiveCfg = Release|Any CPU
		{0305230E-FC23-4462-A0FE-55E94725B4A8}.Release|Any CPU.Build.0 = Release|Any CPU
		{73CC753A-F49F-42C7-9E84-40597050A4BF}.Debug|Any CPU.ActiveCfg = Debug|Any CPU
		{73CC753A-F49F-42C7-9E84-40597050A4BF}.Debug|Any CPU.Build.0 = Debug|Any CPU
		{73CC753A-F49F-42C7-9E84-40597050A4BF}.Release|Any CPU.ActiveCfg = Release|Any CPU
		{73CC753A-F49F-42C7-9E84-40597050A4BF}.Release|Any CPU.Build.0 = Release|Any CPU
		{EEE1868C-3305-4D33-B049-7A8047CB56FA}.Debug|Any CPU.ActiveCfg = Debug|Any CPU
		{EEE1868C-3305-4D33-B049-7A8047CB56FA}.Debug|Any CPU.Build.0 = Debug|Any CPU
		{EEE1868C-3305-4D33-B049-7A8047CB56FA}.Release|Any CPU.ActiveCfg = Release|Any CPU
		{EEE1868C-3305-4D33-B049-7A8047CB56FA}.Release|Any CPU.Build.0 = Release|Any CPU
		{A34839E3-7B60-4854-83A3-381F0FFED9A6}.Debug|Any CPU.ActiveCfg = Debug|Any CPU
		{A34839E3-7B60-4854-83A3-381F0FFED9A6}.Debug|Any CPU.Build.0 = Debug|Any CPU
		{A34839E3-7B60-4854-83A3-381F0FFED9A6}.Release|Any CPU.ActiveCfg = Release|Any CPU
		{A34839E3-7B60-4854-83A3-381F0FFED9A6}.Release|Any CPU.Build.0 = Release|Any CPU
		{6FF228DC-6463-431F-95E1-C4F1DAE64A65}.Debug|Any CPU.ActiveCfg = Debug|Any CPU
		{6FF228DC-6463-431F-95E1-C4F1DAE64A65}.Debug|Any CPU.Build.0 = Debug|Any CPU
		{6FF228DC-6463-431F-95E1-C4F1DAE64A65}.Release|Any CPU.ActiveCfg = Release|Any CPU
		{6FF228DC-6463-431F-95E1-C4F1DAE64A65}.Release|Any CPU.Build.0 = Release|Any CPU
		{DD316B26-56E6-465E-85B6-758FD7BC3385}.Debug|Any CPU.ActiveCfg = Debug|Any CPU
		{DD316B26-56E6-465E-85B6-758FD7BC3385}.Debug|Any CPU.Build.0 = Debug|Any CPU
		{DD316B26-56E6-465E-85B6-758FD7BC3385}.Release|Any CPU.ActiveCfg = Release|Any CPU
		{DD316B26-56E6-465E-85B6-758FD7BC3385}.Release|Any CPU.Build.0 = Release|Any CPU
	EndGlobalSection
	GlobalSection(SolutionProperties) = preSolution
		HideSolutionNode = FALSE
	EndGlobalSection
EndGlobal
